
Microsoft Visual Studio Solution File, Format Version 12.00
# Visual Studio Version 16
VisualStudioVersion = 16.0.31112.23
MinimumVisualStudioVersion = 10.0.40219.1
Project("{2150E333-8FDC-42A3-9474-1A3956D46DE8}") = "Chapter02", "Chapter02", "{20980120-F8DF-44A1-B335-FB899954893A}"
EndProject
Project("{FAE04EC0-301F-11D3-BF4B-00C04F79EFBC}") = "DistanceConverter", "DistanceConverter\DistanceConverter.csproj", "{27CE2729-CFD6-444B-AF1E-E65C4B928586}"
EndProject
Project("{FAE04EC0-301F-11D3-BF4B-00C04F79EFBC}") = "SalesCalculator", "SalesCalculator\SalesCalculator.csproj", "{5E0501EC-BD75-4758-B7C2-E2448C1F7B2E}"
EndProject
Project("{2150E333-8FDC-42A3-9474-1A3956D46DE8}") = "Exercise1", "Exercise1", "{31425360-090A-4D1C-8E8F-A6A694578B6C}"
EndProject
Project("{FAE04EC0-301F-11D3-BF4B-00C04F79EFBC}") = "Exercise1", "Song\Exercise1.csproj", "{E936E51A-8ABC-473D-AC45-AED3E71EF034}"
EndProject
Project("{2150E333-8FDC-42A3-9474-1A3956D46DE8}") = "Exercise2", "Exercise2", "{DDC87A7E-1ED5-4E7C-936D-6D4DDB5AA22A}"
EndProject
Project("{FAE04EC0-301F-11D3-BF4B-00C04F79EFBC}") = "Exercise2", "Exercise2\Exercise2.csproj", "{6D3AEB9F-FFB3-4646-AC56-6F8352D759EE}"
EndProject
Project("{2150E333-8FDC-42A3-9474-1A3956D46DE8}") = "Exercise3", "Exercise3", "{EA0EADA4-45B1-42A0-B230-E777E84DE2E6}"
EndProject
Project("{FAE04EC0-301F-11D3-BF4B-00C04F79EFBC}") = "Exercise3", "Exercise3\Exercise3.csproj", "{2212437E-EEDC-4DD1-8553-F6370EC35264}"
EndProject
Project("{2150E333-8FDC-42A3-9474-1A3956D46DE8}") = "Chapter03", "Chapter03", "{09CB7E17-AAEC-425B-979C-62DAE2C710AF}"
EndProject
Project("{FAE04EC0-301F-11D3-BF4B-00C04F79EFBC}") = "Section01", "Section01\Section01.csproj", "{1FF4EF7B-76D9-4CA0-98E2-6AEEEA838A23}"
EndProject
Project("{2150E333-8FDC-42A3-9474-1A3956D46DE8}") = "Practice", "Practice", "{F820602A-5615-40F6-BF23-E403E1752F7D}"
EndProject
Project("{FAE04EC0-301F-11D3-BF4B-00C04F79EFBC}") = "Practice", "Practice\Practice.csproj", "{AF121738-E012-4F17-B685-0E141E90B682}"
EndProject
Project("{FAE04EC0-301F-11D3-BF4B-00C04F79EFBC}") = "Section01", "chapter04\Section01\Section01.csproj", "{5811133F-D87E-4DBD-933F-75596A3B4C89}"
EndProject
Project("{2150E333-8FDC-42A3-9474-1A3956D46DE8}") = "chapter04", "chapter04", "{1C49C59E-02B6-484C-85CB-B558F7BAFDB1}"
EndProject
Project("{FAE04EC0-301F-11D3-BF4B-00C04F79EFBC}") = "Excercise1", "chapter04\Exercise\Excercise1\Excercise1.csproj", "{6287902C-6609-4ADF-907C-78276B11EEAE}"
EndProject
Project("{2150E333-8FDC-42A3-9474-1A3956D46DE8}") = "Excercise", "Excercise", "{2A12A1E3-0E0A-4BE1-9961-BBBE9F719CF3}"
EndProject
Project("{FAE04EC0-301F-11D3-BF4B-00C04F79EFBC}") = "Excercise2", "chapter04\Exercise\Excercise2\Excercise2.csproj", "{76A316BE-BEB0-4EB1-AF8D-45C86777ECA5}"
EndProject
Global
	GlobalSection(SolutionConfigurationPlatforms) = preSolution
		Debug|Any CPU = Debug|Any CPU
		Release|Any CPU = Release|Any CPU
	EndGlobalSection
	GlobalSection(ProjectConfigurationPlatforms) = postSolution
		{27CE2729-CFD6-444B-AF1E-E65C4B928586}.Debug|Any CPU.ActiveCfg = Debug|Any CPU
		{27CE2729-CFD6-444B-AF1E-E65C4B928586}.Debug|Any CPU.Build.0 = Debug|Any CPU
		{27CE2729-CFD6-444B-AF1E-E65C4B928586}.Release|Any CPU.ActiveCfg = Release|Any CPU
		{27CE2729-CFD6-444B-AF1E-E65C4B928586}.Release|Any CPU.Build.0 = Release|Any CPU
		{5E0501EC-BD75-4758-B7C2-E2448C1F7B2E}.Debug|Any CPU.ActiveCfg = Debug|Any CPU
		{5E0501EC-BD75-4758-B7C2-E2448C1F7B2E}.Debug|Any CPU.Build.0 = Debug|Any CPU
		{5E0501EC-BD75-4758-B7C2-E2448C1F7B2E}.Release|Any CPU.ActiveCfg = Release|Any CPU
		{5E0501EC-BD75-4758-B7C2-E2448C1F7B2E}.Release|Any CPU.Build.0 = Release|Any CPU
		{E936E51A-8ABC-473D-AC45-AED3E71EF034}.Debug|Any CPU.ActiveCfg = Debug|Any CPU
		{E936E51A-8ABC-473D-AC45-AED3E71EF034}.Debug|Any CPU.Build.0 = Debug|Any CPU
		{E936E51A-8ABC-473D-AC45-AED3E71EF034}.Release|Any CPU.ActiveCfg = Release|Any CPU
		{E936E51A-8ABC-473D-AC45-AED3E71EF034}.Release|Any CPU.Build.0 = Release|Any CPU
		{6D3AEB9F-FFB3-4646-AC56-6F8352D759EE}.Debug|Any CPU.ActiveCfg = Debug|Any CPU
		{6D3AEB9F-FFB3-4646-AC56-6F8352D759EE}.Debug|Any CPU.Build.0 = Debug|Any CPU
		{6D3AEB9F-FFB3-4646-AC56-6F8352D759EE}.Release|Any CPU.ActiveCfg = Release|Any CPU
		{6D3AEB9F-FFB3-4646-AC56-6F8352D759EE}.Release|Any CPU.Build.0 = Release|Any CPU
		{2212437E-EEDC-4DD1-8553-F6370EC35264}.Debug|Any CPU.ActiveCfg = Debug|Any CPU
		{2212437E-EEDC-4DD1-8553-F6370EC35264}.Debug|Any CPU.Build.0 = Debug|Any CPU
		{2212437E-EEDC-4DD1-8553-F6370EC35264}.Release|Any CPU.ActiveCfg = Release|Any CPU
		{2212437E-EEDC-4DD1-8553-F6370EC35264}.Release|Any CPU.Build.0 = Release|Any CPU
		{1FF4EF7B-76D9-4CA0-98E2-6AEEEA838A23}.Debug|Any CPU.ActiveCfg = Debug|Any CPU
		{1FF4EF7B-76D9-4CA0-98E2-6AEEEA838A23}.Debug|Any CPU.Build.0 = Debug|Any CPU
		{1FF4EF7B-76D9-4CA0-98E2-6AEEEA838A23}.Release|Any CPU.ActiveCfg = Release|Any CPU
		{1FF4EF7B-76D9-4CA0-98E2-6AEEEA838A23}.Release|Any CPU.Build.0 = Release|Any CPU
		{AF121738-E012-4F17-B685-0E141E90B682}.Debug|Any CPU.ActiveCfg = Debug|Any CPU
		{AF121738-E012-4F17-B685-0E141E90B682}.Debug|Any CPU.Build.0 = Debug|Any CPU
		{AF121738-E012-4F17-B685-0E141E90B682}.Release|Any CPU.ActiveCfg = Release|Any CPU
		{AF121738-E012-4F17-B685-0E141E90B682}.Release|Any CPU.Build.0 = Release|Any CPU
		{5811133F-D87E-4DBD-933F-75596A3B4C89}.Debug|Any CPU.ActiveCfg = Debug|Any CPU
		{5811133F-D87E-4DBD-933F-75596A3B4C89}.Debug|Any CPU.Build.0 = Debug|Any CPU
		{5811133F-D87E-4DBD-933F-75596A3B4C89}.Release|Any CPU.ActiveCfg = Release|Any CPU
		{5811133F-D87E-4DBD-933F-75596A3B4C89}.Release|Any CPU.Build.0 = Release|Any CPU
		{6287902C-6609-4ADF-907C-78276B11EEAE}.Debug|Any CPU.ActiveCfg = Debug|Any CPU
		{6287902C-6609-4ADF-907C-78276B11EEAE}.Debug|Any CPU.Build.0 = Debug|Any CPU
		{6287902C-6609-4ADF-907C-78276B11EEAE}.Release|Any CPU.ActiveCfg = Release|Any CPU
		{6287902C-6609-4ADF-907C-78276B11EEAE}.Release|Any CPU.Build.0 = Release|Any CPU
		{76A316BE-BEB0-4EB1-AF8D-45C86777ECA5}.Debug|Any CPU.ActiveCfg = Debug|Any CPU
		{76A316BE-BEB0-4EB1-AF8D-45C86777ECA5}.Debug|Any CPU.Build.0 = Debug|Any CPU
		{76A316BE-BEB0-4EB1-AF8D-45C86777ECA5}.Release|Any CPU.ActiveCfg = Release|Any CPU
		{76A316BE-BEB0-4EB1-AF8D-45C86777ECA5}.Release|Any CPU.Build.0 = Release|Any CPU
	EndGlobalSection
	GlobalSection(SolutionProperties) = preSolution
		HideSolutionNode = FALSE
	EndGlobalSection
	GlobalSection(NestedProjects) = preSolution
		{27CE2729-CFD6-444B-AF1E-E65C4B928586} = {20980120-F8DF-44A1-B335-FB899954893A}
		{5E0501EC-BD75-4758-B7C2-E2448C1F7B2E} = {20980120-F8DF-44A1-B335-FB899954893A}
		{31425360-090A-4D1C-8E8F-A6A694578B6C} = {20980120-F8DF-44A1-B335-FB899954893A}
		{E936E51A-8ABC-473D-AC45-AED3E71EF034} = {31425360-090A-4D1C-8E8F-A6A694578B6C}
		{DDC87A7E-1ED5-4E7C-936D-6D4DDB5AA22A} = {20980120-F8DF-44A1-B335-FB899954893A}
		{6D3AEB9F-FFB3-4646-AC56-6F8352D759EE} = {DDC87A7E-1ED5-4E7C-936D-6D4DDB5AA22A}
		{EA0EADA4-45B1-42A0-B230-E777E84DE2E6} = {20980120-F8DF-44A1-B335-FB899954893A}
		{2212437E-EEDC-4DD1-8553-F6370EC35264} = {EA0EADA4-45B1-42A0-B230-E777E84DE2E6}
		{1FF4EF7B-76D9-4CA0-98E2-6AEEEA838A23} = {09CB7E17-AAEC-425B-979C-62DAE2C710AF}
		{F820602A-5615-40F6-BF23-E403E1752F7D} = {09CB7E17-AAEC-425B-979C-62DAE2C710AF}
		{AF121738-E012-4F17-B685-0E141E90B682} = {F820602A-5615-40F6-BF23-E403E1752F7D}
		{5811133F-D87E-4DBD-933F-75596A3B4C89} = {1C49C59E-02B6-484C-85CB-B558F7BAFDB1}
		{6287902C-6609-4ADF-907C-78276B11EEAE} = {2A12A1E3-0E0A-4BE1-9961-BBBE9F719CF3}
		{2A12A1E3-0E0A-4BE1-9961-BBBE9F719CF3} = {1C49C59E-02B6-484C-85CB-B558F7BAFDB1}
		{76A316BE-BEB0-4EB1-AF8D-45C86777ECA5} = {2A12A1E3-0E0A-4BE1-9961-BBBE9F719CF3}
	EndGlobalSection
	GlobalSection(ExtensibilityGlobals) = postSolution
		SolutionGuid = {29661B6C-20CF-423E-BCD6-7CF97CCF91F3}
	EndGlobalSection
EndGlobal
