
Microsoft Visual Studio Solution File, Format Version 12.00
# Visual Studio Version 16
VisualStudioVersion = 16.0.31112.23
MinimumVisualStudioVersion = 10.0.40219.1
Project("{2150E333-8FDC-42A3-9474-1A3956D46DE8}") = "Chapter02", "Chapter02", "{20980120-F8DF-44A1-B335-FB899954893A}"
EndProject
Project("{FAE04EC0-301F-11D3-BF4B-00C04F79EFBC}") = "DistanceConverter", "DistanceConverter\DistanceConverter.csproj", "{27CE2729-CFD6-444B-AF1E-E65C4B928586}"
EndProject
Project("{FAE04EC0-301F-11D3-BF4B-00C04F79EFBC}") = "SalesCalculator", "SalesCalculator\SalesCalculator.csproj", "{5E0501EC-BD75-4758-B7C2-E2448C1F7B2E}"
EndProject
Project("{2150E333-8FDC-42A3-9474-1A3956D46DE8}") = "Exercise1", "Exercise1", "{31425360-090A-4D1C-8E8F-A6A694578B6C}"
EndProject
Project("{FAE04EC0-301F-11D3-BF4B-00C04F79EFBC}") = "Exercise1", "Song\Exercise1.csproj", "{E936E51A-8ABC-473D-AC45-AED3E71EF034}"
EndProject
Project("{2150E333-8FDC-42A3-9474-1A3956D46DE8}") = "Exercise2", "Exercise2", "{DDC87A7E-1ED5-4E7C-936D-6D4DDB5AA22A}"
EndProject
Project("{FAE04EC0-301F-11D3-BF4B-00C04F79EFBC}") = "Exercise2", "Exercise2\Exercise2.csproj", "{6D3AEB9F-FFB3-4646-AC56-6F8352D759EE}"
EndProject
Project("{2150E333-8FDC-42A3-9474-1A3956D46DE8}") = "Exercise3", "Exercise3", "{EA0EADA4-45B1-42A0-B230-E777E84DE2E6}"
EndProject
Project("{FAE04EC0-301F-11D3-BF4B-00C04F79EFBC}") = "Exercise3", "Exercise3\Exercise3.csproj", "{2212437E-EEDC-4DD1-8553-F6370EC35264}"
EndProject
Project("{2150E333-8FDC-42A3-9474-1A3956D46DE8}") = "Chapter03", "Chapter03", "{09CB7E17-AAEC-425B-979C-62DAE2C710AF}"
EndProject
Project("{FAE04EC0-301F-11D3-BF4B-00C04F79EFBC}") = "Section01", "Section01\Section01.csproj", "{1FF4EF7B-76D9-4CA0-98E2-6AEEEA838A23}"
EndProject
Project("{2150E333-8FDC-42A3-9474-1A3956D46DE8}") = "Practice", "Practice", "{F820602A-5615-40F6-BF23-E403E1752F7D}"
EndProject
Project("{FAE04EC0-301F-11D3-BF4B-00C04F79EFBC}") = "Practice", "Practice\Practice.csproj", "{AF121738-E012-4F17-B685-0E141E90B682}"
EndProject
Project("{FAE04EC0-301F-11D3-BF4B-00C04F79EFBC}") = "Section01", "chapter04\Section01\Section01.csproj", "{5811133F-D87E-4DBD-933F-75596A3B4C89}"
EndProject
Project("{2150E333-8FDC-42A3-9474-1A3956D46DE8}") = "chapter04", "chapter04", "{1C49C59E-02B6-484C-85CB-B558F7BAFDB1}"
EndProject
Project("{FAE04EC0-301F-11D3-BF4B-00C04F79EFBC}") = "Excercise1", "chapter04\Exercise\Excercise1\Excercise1.csproj", "{6287902C-6609-4ADF-907C-78276B11EEAE}"
EndProject
Project("{2150E333-8FDC-42A3-9474-1A3956D46DE8}") = "Excercise", "Excercise", "{2A12A1E3-0E0A-4BE1-9961-BBBE9F719CF3}"
EndProject
Project("{FAE04EC0-301F-11D3-BF4B-00C04F79EFBC}") = "Excercise2", "chapter04\Exercise\Excercise2\Excercise2.csproj", "{76A316BE-BEB0-4EB1-AF8D-45C86777ECA5}"
EndProject
Project("{FAE04EC0-301F-11D3-BF4B-00C04F79EFBC}") = "Excercise1", "Chapter05\Excercise1\Excercise1.csproj", "{90FB1547-79DB-4BD2-B27F-1163AB4F0C86}"
EndProject
Project("{2150E333-8FDC-42A3-9474-1A3956D46DE8}") = "Chapter05", "Chapter05", "{28E73F67-8EED-4030-9CBF-0A617F359929}"
EndProject
Project("{FAE04EC0-301F-11D3-BF4B-00C04F79EFBC}") = "Test01", "TestProject\Test01\Test01.csproj", "{2BFACDC3-F44D-4199-8498-F5C3C4AC0335}"
EndProject
Project("{FAE04EC0-301F-11D3-BF4B-00C04F79EFBC}") = "Test02", "TestProject\Test02\Test02.csproj", "{E461C0A8-8900-485C-B520-E929BA33F712}"
EndProject
Project("{2150E333-8FDC-42A3-9474-1A3956D46DE8}") = "Test", "Test", "{57E8DD80-1CCE-41FD-B8A1-3B492BB1EC57}"
EndProject
Project("{FAE04EC0-301F-11D3-BF4B-00C04F79EFBC}") = "Excercise2", "Chapter05\Excercise2\Excercise2\Excercise2.csproj", "{B9A10ED9-8526-4D35-8612-BD48413CBD87}"
EndProject
Project("{FAE04EC0-301F-11D3-BF4B-00C04F79EFBC}") = "Exercise3", "Chapter05\Exercise3\Exercise3.csproj", "{740D90D2-BC9B-48F9-8182-AA6D33A5547D}"
EndProject
Project("{FAE04EC0-301F-11D3-BF4B-00C04F79EFBC}") = "Excercise4", "Chapter05\Excercise4\Excercise4.csproj", "{D6866D3E-DBD4-4655-94F5-E1A0A6F1BB3A}"
EndProject
Project("{FAE04EC0-301F-11D3-BF4B-00C04F79EFBC}") = "Section01", "Chapter06\Section01\Section01.csproj", "{7D531700-8A5E-4BDF-A1EA-495E8E6DBE1B}"
EndProject
Project("{2150E333-8FDC-42A3-9474-1A3956D46DE8}") = "Chapter06", "Chapter06", "{F85BF717-0AC3-49D1-ABD0-CA65A6EFBA53}"
EndProject
Project("{FAE04EC0-301F-11D3-BF4B-00C04F79EFBC}") = "Exercise1", "Chapter06\Exercise\Exercise1\Exercise1.csproj", "{13F76B55-DB6B-4769-A4E3-B7E67C5BF71B}"
EndProject
Project("{2150E333-8FDC-42A3-9474-1A3956D46DE8}") = "Excercise", "Excercise", "{A2C4F6F1-7C92-4D4C-8193-504E245DEDB9}"
EndProject
Project("{FAE04EC0-301F-11D3-BF4B-00C04F79EFBC}") = "Exercise2", "Chapter06\Exercise\Exercise2\Exercise2.csproj", "{DD0758FC-4EA5-4A7C-9B17-53A3F48D65FF}"
EndProject
Project("{FAE04EC0-301F-11D3-BF4B-00C04F79EFBC}") = "S1", "Chapter07\S1\S1.csproj", "{B17B9099-F354-43EB-A195-78B6DFE59D42}"
EndProject
Project("{2150E333-8FDC-42A3-9474-1A3956D46DE8}") = "Chapter07", "Chapter07", "{0D14F565-9907-4823-9C55-8B2AD796566C}"
EndProject
Project("{FAE04EC0-301F-11D3-BF4B-00C04F79EFBC}") = "Section03", "Chapter07\Section3\Section03.csproj", "{64FC2B2A-E1D1-49DA-95FF-FAF6907DB88A}"
EndProject
Project("{2150E333-8FDC-42A3-9474-1A3956D46DE8}") = "Chapter08", "Chapter08", "{3D52994B-5C36-4B58-AB42-2C64E5D4B6FC}"
EndProject
Project("{FAE04EC0-301F-11D3-BF4B-00C04F79EFBC}") = "Excercise1", "Chapter08\Excercise1\Excercise1.csproj", "{8CA9F677-9F82-4A36-AA52-A6CB0BDC8EBC}"
EndProject
Project("{2150E333-8FDC-42A3-9474-1A3956D46DE8}") = "Exercise", "Exercise", "{1405043B-672D-4A26-B834-2DCDFE5D502B}"
EndProject
Project("{FAE04EC0-301F-11D3-BF4B-00C04F79EFBC}") = "Exercise1", "Chapter08\Exercise\Exercise1\Exercise1.csproj", "{03A6CE96-8CC2-4BD0-9728-B49624CE0FD3}"
EndProject
Project("{FAE04EC0-301F-11D3-BF4B-00C04F79EFBC}") = "Exercise2", "Chapter08\Exercise\Exercise2\Exercise2.csproj", "{2F630A6A-A990-4678-8CDD-10069AB68DAD}"
EndProject
Project("{2150E333-8FDC-42A3-9474-1A3956D46DE8}") = "CarReportSystem", "CarReportSystem", "{A4143FDF-7350-4115-A392-69EF7E220DCC}"
EndProject
Project("{FAE04EC0-301F-11D3-BF4B-00C04F79EFBC}") = "CarReportSystem", "CarReportSystem\CarReportSystem\CarReportSystem.csproj", "{B42C075C-1A14-4412-8731-106FE9869057}"
EndProject
Project("{FAE04EC0-301F-11D3-BF4B-00C04F79EFBC}") = "Exercise1", "Chapter09\Exercise1\Exercise1.csproj", "{263429E1-835A-4339-A826-0C13E21DDE7E}"
EndProject
Project("{2150E333-8FDC-42A3-9474-1A3956D46DE8}") = "Chapter09", "Chapter09", "{298E27AF-DB78-4272-A93E-1BCB42FF35A8}"
EndProject
Project("{FAE04EC0-301F-11D3-BF4B-00C04F79EFBC}") = "Exercise2", "Chapter09\Exercise2\Exercise2.csproj", "{78355E2F-514D-485E-A20D-59919370F917}"
EndProject
Project("{FAE04EC0-301F-11D3-BF4B-00C04F79EFBC}") = "E2", "Chapter09\E2\E2.csproj", "{5C3B3300-DEEC-4C1F-AC4E-D29773CB5502}"
EndProject
Project("{FAE04EC0-301F-11D3-BF4B-00C04F79EFBC}") = "Exercise3", "Chapter09\Exercise3\Exercise3.csproj", "{9FFD7FCE-90D4-4A90-ACB5-C024CA51D174}"
EndProject
Project("{2150E333-8FDC-42A3-9474-1A3956D46DE8}") = "Summer", "Summer", "{F14BB8B3-003B-4D93-B8B8-D809B50141EF}"
EndProject
Project("{FAE04EC0-301F-11D3-BF4B-00C04F79EFBC}") = "S1", "Summer\S1\S1.csproj", "{DC163951-9D99-4746-B70F-E311FB3029C5}"
EndProject
Project("{FAE04EC0-301F-11D3-BF4B-00C04F79EFBC}") = "S1.1", "Summer\S1.1\S1.1.csproj", "{B71EE245-CA31-4238-A788-4CE4D3DDEBE5}"
EndProject
Project("{FAE04EC0-301F-11D3-BF4B-00C04F79EFBC}") = "Exercise5", "Chapter09\Exercise5\Exercise5.csproj", "{742AFF55-6E60-4AF7-8533-09878C1F7E37}"
EndProject
Project("{FAE04EC0-301F-11D3-BF4B-00C04F79EFBC}") = "Exercise4", "Chapter09\Exercise4\Exercise4\Exercise4.csproj", "{0F87D1C2-3785-444A-916C-9C36FA0CD39E}"
EndProject
Project("{FAE04EC0-301F-11D3-BF4B-00C04F79EFBC}") = "Sample0823", "Sample0823\Sample0823.csproj", "{5BBBB920-BD4C-4E0D-B8C5-38A1E5034742}"
EndProject
Project("{FAE04EC0-301F-11D3-BF4B-00C04F79EFBC}") = "Section01", "Chapter11\Section01\Section01.csproj", "{785BEAC1-2706-43E6-8318-6EB37F5FE441}"
EndProject
Project("{2150E333-8FDC-42A3-9474-1A3956D46DE8}") = "Chapter11", "Chapter11", "{5A3E7A6B-CFF3-4D5E-91C0-B7F2466B1198}"
EndProject
Project("{FAE04EC0-301F-11D3-BF4B-00C04F79EFBC}") = "Exercise1", "Chapter11\Exercise1\Exercise1.csproj", "{D9D70100-7CF3-4E97-B3F6-B47628A9CF43}"
EndProject
Project("{FAE04EC0-301F-11D3-BF4B-00C04F79EFBC}") = "Section02", "Chapter11\Section02\Section02.csproj", "{89E9A0A3-7EB7-4E0A-B68C-B1CCBC0BA7FE}"
EndProject
Project("{FAE04EC0-301F-11D3-BF4B-00C04F79EFBC}") = "Exercise2", "Chapter11\Exercise2\Exercise2.csproj", "{5D87AEE4-85E1-4847-BC6B-BE74A71CF088}"
EndProject
Project("{2150E333-8FDC-42A3-9474-1A3956D46DE8}") = "Chapter14", "Chapter14", "{537FBA9A-431E-45B5-BD27-B2B6FC97786A}"
EndProject
Project("{FAE04EC0-301F-11D3-BF4B-00C04F79EFBC}") = "Section04", "Chapter14\ConsoleApp1\Section04.csproj", "{34CE1B37-C427-4D7F-8C02-3F119CE9CD90}"
EndProject
Project("{2150E333-8FDC-42A3-9474-1A3956D46DE8}") = "WeatherApp", "WeatherApp", "{03E8D27B-C9F3-48BE-A7FE-02E602CA707F}"
EndProject
Project("{FAE04EC0-301F-11D3-BF4B-00C04F79EFBC}") = "WeatherApp", "WeatherApp\WeatherApp\WeatherApp.csproj", "{B76E4C7E-D083-4443-83C7-B1B0072E9878}"
EndProject
Project("{2150E333-8FDC-42A3-9474-1A3956D46DE8}") = "RssReader", "RssReader", "{B511D5CF-AC2B-414D-9AF7-D59F22C869C1}"
EndProject
Project("{FAE04EC0-301F-11D3-BF4B-00C04F79EFBC}") = "RssReader", "RssReader\RssReader\RssReader.csproj", "{292E8759-0462-4112-B9A8-8BD399DA1187}"
EndProject
Project("{2150E333-8FDC-42A3-9474-1A3956D46DE8}") = "SendMail", "SendMail", "{1584B3F2-3370-426E-9D46-B1987038796A}"
EndProject
Project("{FAE04EC0-301F-11D3-BF4B-00C04F79EFBC}") = "SendMail", "SendMail\SendMail\SendMail.csproj", "{D4B25A6B-9150-464D-BA2A-10EA596F2A5F}"
EndProject
Project("{FAE04EC0-301F-11D3-BF4B-00C04F79EFBC}") = "Section04_Json", "Chapter14\Section04_Json\Section04_Json.csproj", "{2C49B428-8727-484B-A527-11EA3D4AE269}"
EndProject
Project("{FAE04EC0-301F-11D3-BF4B-00C04F79EFBC}") = "SampleEntityFramework", "EntityFramework\SampleEntityFramework\SampleEntityFramework.csproj", "{A22E730C-2A06-4524-BF30-7F490D5EDD9D}"
EndProject
Project("{2150E333-8FDC-42A3-9474-1A3956D46DE8}") = "Chapter13", "Chapter13", "{4B056FBA-8146-4A16-94A3-3D21D53C290D}"
EndProject
Global
	GlobalSection(SolutionConfigurationPlatforms) = preSolution
		Debug|Any CPU = Debug|Any CPU
		Release|Any CPU = Release|Any CPU
	EndGlobalSection
	GlobalSection(ProjectConfigurationPlatforms) = postSolution
		{27CE2729-CFD6-444B-AF1E-E65C4B928586}.Debug|Any CPU.ActiveCfg = Debug|Any CPU
		{27CE2729-CFD6-444B-AF1E-E65C4B928586}.Debug|Any CPU.Build.0 = Debug|Any CPU
		{27CE2729-CFD6-444B-AF1E-E65C4B928586}.Release|Any CPU.ActiveCfg = Release|Any CPU
		{27CE2729-CFD6-444B-AF1E-E65C4B928586}.Release|Any CPU.Build.0 = Release|Any CPU
		{5E0501EC-BD75-4758-B7C2-E2448C1F7B2E}.Debug|Any CPU.ActiveCfg = Debug|Any CPU
		{5E0501EC-BD75-4758-B7C2-E2448C1F7B2E}.Debug|Any CPU.Build.0 = Debug|Any CPU
		{5E0501EC-BD75-4758-B7C2-E2448C1F7B2E}.Release|Any CPU.ActiveCfg = Release|Any CPU
		{5E0501EC-BD75-4758-B7C2-E2448C1F7B2E}.Release|Any CPU.Build.0 = Release|Any CPU
		{E936E51A-8ABC-473D-AC45-AED3E71EF034}.Debug|Any CPU.ActiveCfg = Debug|Any CPU
		{E936E51A-8ABC-473D-AC45-AED3E71EF034}.Debug|Any CPU.Build.0 = Debug|Any CPU
		{E936E51A-8ABC-473D-AC45-AED3E71EF034}.Release|Any CPU.ActiveCfg = Release|Any CPU
		{E936E51A-8ABC-473D-AC45-AED3E71EF034}.Release|Any CPU.Build.0 = Release|Any CPU
		{6D3AEB9F-FFB3-4646-AC56-6F8352D759EE}.Debug|Any CPU.ActiveCfg = Debug|Any CPU
		{6D3AEB9F-FFB3-4646-AC56-6F8352D759EE}.Debug|Any CPU.Build.0 = Debug|Any CPU
		{6D3AEB9F-FFB3-4646-AC56-6F8352D759EE}.Release|Any CPU.ActiveCfg = Release|Any CPU
		{6D3AEB9F-FFB3-4646-AC56-6F8352D759EE}.Release|Any CPU.Build.0 = Release|Any CPU
		{2212437E-EEDC-4DD1-8553-F6370EC35264}.Debug|Any CPU.ActiveCfg = Debug|Any CPU
		{2212437E-EEDC-4DD1-8553-F6370EC35264}.Debug|Any CPU.Build.0 = Debug|Any CPU
		{2212437E-EEDC-4DD1-8553-F6370EC35264}.Release|Any CPU.ActiveCfg = Release|Any CPU
		{2212437E-EEDC-4DD1-8553-F6370EC35264}.Release|Any CPU.Build.0 = Release|Any CPU
		{1FF4EF7B-76D9-4CA0-98E2-6AEEEA838A23}.Debug|Any CPU.ActiveCfg = Debug|Any CPU
		{1FF4EF7B-76D9-4CA0-98E2-6AEEEA838A23}.Debug|Any CPU.Build.0 = Debug|Any CPU
		{1FF4EF7B-76D9-4CA0-98E2-6AEEEA838A23}.Release|Any CPU.ActiveCfg = Release|Any CPU
		{1FF4EF7B-76D9-4CA0-98E2-6AEEEA838A23}.Release|Any CPU.Build.0 = Release|Any CPU
		{AF121738-E012-4F17-B685-0E141E90B682}.Debug|Any CPU.ActiveCfg = Debug|Any CPU
		{AF121738-E012-4F17-B685-0E141E90B682}.Debug|Any CPU.Build.0 = Debug|Any CPU
		{AF121738-E012-4F17-B685-0E141E90B682}.Release|Any CPU.ActiveCfg = Release|Any CPU
		{AF121738-E012-4F17-B685-0E141E90B682}.Release|Any CPU.Build.0 = Release|Any CPU
		{5811133F-D87E-4DBD-933F-75596A3B4C89}.Debug|Any CPU.ActiveCfg = Debug|Any CPU
		{5811133F-D87E-4DBD-933F-75596A3B4C89}.Debug|Any CPU.Build.0 = Debug|Any CPU
		{5811133F-D87E-4DBD-933F-75596A3B4C89}.Release|Any CPU.ActiveCfg = Release|Any CPU
		{5811133F-D87E-4DBD-933F-75596A3B4C89}.Release|Any CPU.Build.0 = Release|Any CPU
		{6287902C-6609-4ADF-907C-78276B11EEAE}.Debug|Any CPU.ActiveCfg = Debug|Any CPU
		{6287902C-6609-4ADF-907C-78276B11EEAE}.Debug|Any CPU.Build.0 = Debug|Any CPU
		{6287902C-6609-4ADF-907C-78276B11EEAE}.Release|Any CPU.ActiveCfg = Release|Any CPU
		{6287902C-6609-4ADF-907C-78276B11EEAE}.Release|Any CPU.Build.0 = Release|Any CPU
		{76A316BE-BEB0-4EB1-AF8D-45C86777ECA5}.Debug|Any CPU.ActiveCfg = Debug|Any CPU
		{76A316BE-BEB0-4EB1-AF8D-45C86777ECA5}.Debug|Any CPU.Build.0 = Debug|Any CPU
		{76A316BE-BEB0-4EB1-AF8D-45C86777ECA5}.Release|Any CPU.ActiveCfg = Release|Any CPU
		{76A316BE-BEB0-4EB1-AF8D-45C86777ECA5}.Release|Any CPU.Build.0 = Release|Any CPU
		{90FB1547-79DB-4BD2-B27F-1163AB4F0C86}.Debug|Any CPU.ActiveCfg = Debug|Any CPU
		{90FB1547-79DB-4BD2-B27F-1163AB4F0C86}.Debug|Any CPU.Build.0 = Debug|Any CPU
		{90FB1547-79DB-4BD2-B27F-1163AB4F0C86}.Release|Any CPU.ActiveCfg = Release|Any CPU
		{90FB1547-79DB-4BD2-B27F-1163AB4F0C86}.Release|Any CPU.Build.0 = Release|Any CPU
		{2BFACDC3-F44D-4199-8498-F5C3C4AC0335}.Debug|Any CPU.ActiveCfg = Debug|Any CPU
		{2BFACDC3-F44D-4199-8498-F5C3C4AC0335}.Debug|Any CPU.Build.0 = Debug|Any CPU
		{2BFACDC3-F44D-4199-8498-F5C3C4AC0335}.Release|Any CPU.ActiveCfg = Release|Any CPU
		{2BFACDC3-F44D-4199-8498-F5C3C4AC0335}.Release|Any CPU.Build.0 = Release|Any CPU
		{E461C0A8-8900-485C-B520-E929BA33F712}.Debug|Any CPU.ActiveCfg = Debug|Any CPU
		{E461C0A8-8900-485C-B520-E929BA33F712}.Debug|Any CPU.Build.0 = Debug|Any CPU
		{E461C0A8-8900-485C-B520-E929BA33F712}.Release|Any CPU.ActiveCfg = Release|Any CPU
		{E461C0A8-8900-485C-B520-E929BA33F712}.Release|Any CPU.Build.0 = Release|Any CPU
		{B9A10ED9-8526-4D35-8612-BD48413CBD87}.Debug|Any CPU.ActiveCfg = Debug|Any CPU
		{B9A10ED9-8526-4D35-8612-BD48413CBD87}.Debug|Any CPU.Build.0 = Debug|Any CPU
		{B9A10ED9-8526-4D35-8612-BD48413CBD87}.Release|Any CPU.ActiveCfg = Release|Any CPU
		{B9A10ED9-8526-4D35-8612-BD48413CBD87}.Release|Any CPU.Build.0 = Release|Any CPU
		{740D90D2-BC9B-48F9-8182-AA6D33A5547D}.Debug|Any CPU.ActiveCfg = Debug|Any CPU
		{740D90D2-BC9B-48F9-8182-AA6D33A5547D}.Debug|Any CPU.Build.0 = Debug|Any CPU
		{740D90D2-BC9B-48F9-8182-AA6D33A5547D}.Release|Any CPU.ActiveCfg = Release|Any CPU
		{740D90D2-BC9B-48F9-8182-AA6D33A5547D}.Release|Any CPU.Build.0 = Release|Any CPU
		{D6866D3E-DBD4-4655-94F5-E1A0A6F1BB3A}.Debug|Any CPU.ActiveCfg = Debug|Any CPU
		{D6866D3E-DBD4-4655-94F5-E1A0A6F1BB3A}.Debug|Any CPU.Build.0 = Debug|Any CPU
		{D6866D3E-DBD4-4655-94F5-E1A0A6F1BB3A}.Release|Any CPU.ActiveCfg = Release|Any CPU
		{D6866D3E-DBD4-4655-94F5-E1A0A6F1BB3A}.Release|Any CPU.Build.0 = Release|Any CPU
		{7D531700-8A5E-4BDF-A1EA-495E8E6DBE1B}.Debug|Any CPU.ActiveCfg = Debug|Any CPU
		{7D531700-8A5E-4BDF-A1EA-495E8E6DBE1B}.Debug|Any CPU.Build.0 = Debug|Any CPU
		{7D531700-8A5E-4BDF-A1EA-495E8E6DBE1B}.Release|Any CPU.ActiveCfg = Release|Any CPU
		{7D531700-8A5E-4BDF-A1EA-495E8E6DBE1B}.Release|Any CPU.Build.0 = Release|Any CPU
		{13F76B55-DB6B-4769-A4E3-B7E67C5BF71B}.Debug|Any CPU.ActiveCfg = Debug|Any CPU
		{13F76B55-DB6B-4769-A4E3-B7E67C5BF71B}.Debug|Any CPU.Build.0 = Debug|Any CPU
		{13F76B55-DB6B-4769-A4E3-B7E67C5BF71B}.Release|Any CPU.ActiveCfg = Release|Any CPU
		{13F76B55-DB6B-4769-A4E3-B7E67C5BF71B}.Release|Any CPU.Build.0 = Release|Any CPU
		{DD0758FC-4EA5-4A7C-9B17-53A3F48D65FF}.Debug|Any CPU.ActiveCfg = Debug|Any CPU
		{DD0758FC-4EA5-4A7C-9B17-53A3F48D65FF}.Debug|Any CPU.Build.0 = Debug|Any CPU
		{DD0758FC-4EA5-4A7C-9B17-53A3F48D65FF}.Release|Any CPU.ActiveCfg = Release|Any CPU
		{DD0758FC-4EA5-4A7C-9B17-53A3F48D65FF}.Release|Any CPU.Build.0 = Release|Any CPU
		{B17B9099-F354-43EB-A195-78B6DFE59D42}.Debug|Any CPU.ActiveCfg = Debug|Any CPU
		{B17B9099-F354-43EB-A195-78B6DFE59D42}.Debug|Any CPU.Build.0 = Debug|Any CPU
		{B17B9099-F354-43EB-A195-78B6DFE59D42}.Release|Any CPU.ActiveCfg = Release|Any CPU
		{B17B9099-F354-43EB-A195-78B6DFE59D42}.Release|Any CPU.Build.0 = Release|Any CPU
		{64FC2B2A-E1D1-49DA-95FF-FAF6907DB88A}.Debug|Any CPU.ActiveCfg = Debug|Any CPU
		{64FC2B2A-E1D1-49DA-95FF-FAF6907DB88A}.Debug|Any CPU.Build.0 = Debug|Any CPU
		{64FC2B2A-E1D1-49DA-95FF-FAF6907DB88A}.Release|Any CPU.ActiveCfg = Release|Any CPU
		{64FC2B2A-E1D1-49DA-95FF-FAF6907DB88A}.Release|Any CPU.Build.0 = Release|Any CPU
		{8CA9F677-9F82-4A36-AA52-A6CB0BDC8EBC}.Debug|Any CPU.ActiveCfg = Debug|Any CPU
		{8CA9F677-9F82-4A36-AA52-A6CB0BDC8EBC}.Debug|Any CPU.Build.0 = Debug|Any CPU
		{8CA9F677-9F82-4A36-AA52-A6CB0BDC8EBC}.Release|Any CPU.ActiveCfg = Release|Any CPU
		{8CA9F677-9F82-4A36-AA52-A6CB0BDC8EBC}.Release|Any CPU.Build.0 = Release|Any CPU
		{03A6CE96-8CC2-4BD0-9728-B49624CE0FD3}.Debug|Any CPU.ActiveCfg = Debug|Any CPU
		{03A6CE96-8CC2-4BD0-9728-B49624CE0FD3}.Debug|Any CPU.Build.0 = Debug|Any CPU
		{03A6CE96-8CC2-4BD0-9728-B49624CE0FD3}.Release|Any CPU.ActiveCfg = Release|Any CPU
		{03A6CE96-8CC2-4BD0-9728-B49624CE0FD3}.Release|Any CPU.Build.0 = Release|Any CPU
		{2F630A6A-A990-4678-8CDD-10069AB68DAD}.Debug|Any CPU.ActiveCfg = Debug|Any CPU
		{2F630A6A-A990-4678-8CDD-10069AB68DAD}.Debug|Any CPU.Build.0 = Debug|Any CPU
		{2F630A6A-A990-4678-8CDD-10069AB68DAD}.Release|Any CPU.ActiveCfg = Release|Any CPU
		{2F630A6A-A990-4678-8CDD-10069AB68DAD}.Release|Any CPU.Build.0 = Release|Any CPU
		{B42C075C-1A14-4412-8731-106FE9869057}.Debug|Any CPU.ActiveCfg = Debug|Any CPU
		{B42C075C-1A14-4412-8731-106FE9869057}.Debug|Any CPU.Build.0 = Debug|Any CPU
		{B42C075C-1A14-4412-8731-106FE9869057}.Release|Any CPU.ActiveCfg = Release|Any CPU
		{B42C075C-1A14-4412-8731-106FE9869057}.Release|Any CPU.Build.0 = Release|Any CPU
		{263429E1-835A-4339-A826-0C13E21DDE7E}.Debug|Any CPU.ActiveCfg = Debug|Any CPU
		{263429E1-835A-4339-A826-0C13E21DDE7E}.Debug|Any CPU.Build.0 = Debug|Any CPU
		{263429E1-835A-4339-A826-0C13E21DDE7E}.Release|Any CPU.ActiveCfg = Release|Any CPU
		{263429E1-835A-4339-A826-0C13E21DDE7E}.Release|Any CPU.Build.0 = Release|Any CPU
		{78355E2F-514D-485E-A20D-59919370F917}.Debug|Any CPU.ActiveCfg = Debug|Any CPU
		{78355E2F-514D-485E-A20D-59919370F917}.Debug|Any CPU.Build.0 = Debug|Any CPU
		{78355E2F-514D-485E-A20D-59919370F917}.Release|Any CPU.ActiveCfg = Release|Any CPU
		{78355E2F-514D-485E-A20D-59919370F917}.Release|Any CPU.Build.0 = Release|Any CPU
		{5C3B3300-DEEC-4C1F-AC4E-D29773CB5502}.Debug|Any CPU.ActiveCfg = Debug|Any CPU
		{5C3B3300-DEEC-4C1F-AC4E-D29773CB5502}.Debug|Any CPU.Build.0 = Debug|Any CPU
		{5C3B3300-DEEC-4C1F-AC4E-D29773CB5502}.Release|Any CPU.ActiveCfg = Release|Any CPU
		{5C3B3300-DEEC-4C1F-AC4E-D29773CB5502}.Release|Any CPU.Build.0 = Release|Any CPU
		{9FFD7FCE-90D4-4A90-ACB5-C024CA51D174}.Debug|Any CPU.ActiveCfg = Debug|Any CPU
		{9FFD7FCE-90D4-4A90-ACB5-C024CA51D174}.Debug|Any CPU.Build.0 = Debug|Any CPU
		{9FFD7FCE-90D4-4A90-ACB5-C024CA51D174}.Release|Any CPU.ActiveCfg = Release|Any CPU
		{9FFD7FCE-90D4-4A90-ACB5-C024CA51D174}.Release|Any CPU.Build.0 = Release|Any CPU
		{DC163951-9D99-4746-B70F-E311FB3029C5}.Debug|Any CPU.ActiveCfg = Debug|Any CPU
		{DC163951-9D99-4746-B70F-E311FB3029C5}.Debug|Any CPU.Build.0 = Debug|Any CPU
		{DC163951-9D99-4746-B70F-E311FB3029C5}.Release|Any CPU.ActiveCfg = Release|Any CPU
		{DC163951-9D99-4746-B70F-E311FB3029C5}.Release|Any CPU.Build.0 = Release|Any CPU
		{B71EE245-CA31-4238-A788-4CE4D3DDEBE5}.Debug|Any CPU.ActiveCfg = Debug|Any CPU
		{B71EE245-CA31-4238-A788-4CE4D3DDEBE5}.Debug|Any CPU.Build.0 = Debug|Any CPU
		{B71EE245-CA31-4238-A788-4CE4D3DDEBE5}.Release|Any CPU.ActiveCfg = Release|Any CPU
		{B71EE245-CA31-4238-A788-4CE4D3DDEBE5}.Release|Any CPU.Build.0 = Release|Any CPU
		{742AFF55-6E60-4AF7-8533-09878C1F7E37}.Debug|Any CPU.ActiveCfg = Debug|Any CPU
		{742AFF55-6E60-4AF7-8533-09878C1F7E37}.Debug|Any CPU.Build.0 = Debug|Any CPU
		{742AFF55-6E60-4AF7-8533-09878C1F7E37}.Release|Any CPU.ActiveCfg = Release|Any CPU
		{742AFF55-6E60-4AF7-8533-09878C1F7E37}.Release|Any CPU.Build.0 = Release|Any CPU
		{0F87D1C2-3785-444A-916C-9C36FA0CD39E}.Debug|Any CPU.ActiveCfg = Debug|Any CPU
		{0F87D1C2-3785-444A-916C-9C36FA0CD39E}.Debug|Any CPU.Build.0 = Debug|Any CPU
		{0F87D1C2-3785-444A-916C-9C36FA0CD39E}.Release|Any CPU.ActiveCfg = Release|Any CPU
		{0F87D1C2-3785-444A-916C-9C36FA0CD39E}.Release|Any CPU.Build.0 = Release|Any CPU
		{5BBBB920-BD4C-4E0D-B8C5-38A1E5034742}.Debug|Any CPU.ActiveCfg = Debug|Any CPU
		{5BBBB920-BD4C-4E0D-B8C5-38A1E5034742}.Debug|Any CPU.Build.0 = Debug|Any CPU
		{5BBBB920-BD4C-4E0D-B8C5-38A1E5034742}.Release|Any CPU.ActiveCfg = Release|Any CPU
		{5BBBB920-BD4C-4E0D-B8C5-38A1E5034742}.Release|Any CPU.Build.0 = Release|Any CPU
		{785BEAC1-2706-43E6-8318-6EB37F5FE441}.Debug|Any CPU.ActiveCfg = Debug|Any CPU
		{785BEAC1-2706-43E6-8318-6EB37F5FE441}.Debug|Any CPU.Build.0 = Debug|Any CPU
		{785BEAC1-2706-43E6-8318-6EB37F5FE441}.Release|Any CPU.ActiveCfg = Release|Any CPU
		{785BEAC1-2706-43E6-8318-6EB37F5FE441}.Release|Any CPU.Build.0 = Release|Any CPU
		{D9D70100-7CF3-4E97-B3F6-B47628A9CF43}.Debug|Any CPU.ActiveCfg = Debug|Any CPU
		{D9D70100-7CF3-4E97-B3F6-B47628A9CF43}.Debug|Any CPU.Build.0 = Debug|Any CPU
		{D9D70100-7CF3-4E97-B3F6-B47628A9CF43}.Release|Any CPU.ActiveCfg = Release|Any CPU
		{D9D70100-7CF3-4E97-B3F6-B47628A9CF43}.Release|Any CPU.Build.0 = Release|Any CPU
		{89E9A0A3-7EB7-4E0A-B68C-B1CCBC0BA7FE}.Debug|Any CPU.ActiveCfg = Debug|Any CPU
		{89E9A0A3-7EB7-4E0A-B68C-B1CCBC0BA7FE}.Debug|Any CPU.Build.0 = Debug|Any CPU
		{89E9A0A3-7EB7-4E0A-B68C-B1CCBC0BA7FE}.Release|Any CPU.ActiveCfg = Release|Any CPU
		{89E9A0A3-7EB7-4E0A-B68C-B1CCBC0BA7FE}.Release|Any CPU.Build.0 = Release|Any CPU
		{5D87AEE4-85E1-4847-BC6B-BE74A71CF088}.Debug|Any CPU.ActiveCfg = Debug|Any CPU
		{5D87AEE4-85E1-4847-BC6B-BE74A71CF088}.Debug|Any CPU.Build.0 = Debug|Any CPU
		{5D87AEE4-85E1-4847-BC6B-BE74A71CF088}.Release|Any CPU.ActiveCfg = Release|Any CPU
		{5D87AEE4-85E1-4847-BC6B-BE74A71CF088}.Release|Any CPU.Build.0 = Release|Any CPU
		{34CE1B37-C427-4D7F-8C02-3F119CE9CD90}.Debug|Any CPU.ActiveCfg = Debug|Any CPU
		{34CE1B37-C427-4D7F-8C02-3F119CE9CD90}.Debug|Any CPU.Build.0 = Debug|Any CPU
		{34CE1B37-C427-4D7F-8C02-3F119CE9CD90}.Release|Any CPU.ActiveCfg = Release|Any CPU
		{34CE1B37-C427-4D7F-8C02-3F119CE9CD90}.Release|Any CPU.Build.0 = Release|Any CPU
		{B76E4C7E-D083-4443-83C7-B1B0072E9878}.Debug|Any CPU.ActiveCfg = Debug|Any CPU
		{B76E4C7E-D083-4443-83C7-B1B0072E9878}.Debug|Any CPU.Build.0 = Debug|Any CPU
		{B76E4C7E-D083-4443-83C7-B1B0072E9878}.Release|Any CPU.ActiveCfg = Release|Any CPU
		{B76E4C7E-D083-4443-83C7-B1B0072E9878}.Release|Any CPU.Build.0 = Release|Any CPU
		{292E8759-0462-4112-B9A8-8BD399DA1187}.Debug|Any CPU.ActiveCfg = Debug|Any CPU
		{292E8759-0462-4112-B9A8-8BD399DA1187}.Debug|Any CPU.Build.0 = Debug|Any CPU
		{292E8759-0462-4112-B9A8-8BD399DA1187}.Release|Any CPU.ActiveCfg = Release|Any CPU
		{292E8759-0462-4112-B9A8-8BD399DA1187}.Release|Any CPU.Build.0 = Release|Any CPU
		{D4B25A6B-9150-464D-BA2A-10EA596F2A5F}.Debug|Any CPU.ActiveCfg = Debug|Any CPU
		{D4B25A6B-9150-464D-BA2A-10EA596F2A5F}.Debug|Any CPU.Build.0 = Debug|Any CPU
		{D4B25A6B-9150-464D-BA2A-10EA596F2A5F}.Release|Any CPU.ActiveCfg = Release|Any CPU
		{D4B25A6B-9150-464D-BA2A-10EA596F2A5F}.Release|Any CPU.Build.0 = Release|Any CPU
		{2C49B428-8727-484B-A527-11EA3D4AE269}.Debug|Any CPU.ActiveCfg = Debug|Any CPU
		{2C49B428-8727-484B-A527-11EA3D4AE269}.Debug|Any CPU.Build.0 = Debug|Any CPU
		{2C49B428-8727-484B-A527-11EA3D4AE269}.Release|Any CPU.ActiveCfg = Release|Any CPU
		{2C49B428-8727-484B-A527-11EA3D4AE269}.Release|Any CPU.Build.0 = Release|Any CPU
		{A22E730C-2A06-4524-BF30-7F490D5EDD9D}.Debug|Any CPU.ActiveCfg = Debug|Any CPU
		{A22E730C-2A06-4524-BF30-7F490D5EDD9D}.Debug|Any CPU.Build.0 = Debug|Any CPU
		{A22E730C-2A06-4524-BF30-7F490D5EDD9D}.Release|Any CPU.ActiveCfg = Release|Any CPU
		{A22E730C-2A06-4524-BF30-7F490D5EDD9D}.Release|Any CPU.Build.0 = Release|Any CPU
	EndGlobalSection
	GlobalSection(SolutionProperties) = preSolution
		HideSolutionNode = FALSE
	EndGlobalSection
	GlobalSection(NestedProjects) = preSolution
		{27CE2729-CFD6-444B-AF1E-E65C4B928586} = {20980120-F8DF-44A1-B335-FB899954893A}
		{5E0501EC-BD75-4758-B7C2-E2448C1F7B2E} = {20980120-F8DF-44A1-B335-FB899954893A}
		{31425360-090A-4D1C-8E8F-A6A694578B6C} = {20980120-F8DF-44A1-B335-FB899954893A}
		{E936E51A-8ABC-473D-AC45-AED3E71EF034} = {31425360-090A-4D1C-8E8F-A6A694578B6C}
		{DDC87A7E-1ED5-4E7C-936D-6D4DDB5AA22A} = {20980120-F8DF-44A1-B335-FB899954893A}
		{6D3AEB9F-FFB3-4646-AC56-6F8352D759EE} = {DDC87A7E-1ED5-4E7C-936D-6D4DDB5AA22A}
		{EA0EADA4-45B1-42A0-B230-E777E84DE2E6} = {20980120-F8DF-44A1-B335-FB899954893A}
		{2212437E-EEDC-4DD1-8553-F6370EC35264} = {EA0EADA4-45B1-42A0-B230-E777E84DE2E6}
		{1FF4EF7B-76D9-4CA0-98E2-6AEEEA838A23} = {09CB7E17-AAEC-425B-979C-62DAE2C710AF}
		{F820602A-5615-40F6-BF23-E403E1752F7D} = {09CB7E17-AAEC-425B-979C-62DAE2C710AF}
		{AF121738-E012-4F17-B685-0E141E90B682} = {F820602A-5615-40F6-BF23-E403E1752F7D}
		{5811133F-D87E-4DBD-933F-75596A3B4C89} = {1C49C59E-02B6-484C-85CB-B558F7BAFDB1}
		{6287902C-6609-4ADF-907C-78276B11EEAE} = {2A12A1E3-0E0A-4BE1-9961-BBBE9F719CF3}
		{2A12A1E3-0E0A-4BE1-9961-BBBE9F719CF3} = {1C49C59E-02B6-484C-85CB-B558F7BAFDB1}
		{76A316BE-BEB0-4EB1-AF8D-45C86777ECA5} = {2A12A1E3-0E0A-4BE1-9961-BBBE9F719CF3}
		{90FB1547-79DB-4BD2-B27F-1163AB4F0C86} = {28E73F67-8EED-4030-9CBF-0A617F359929}
		{2BFACDC3-F44D-4199-8498-F5C3C4AC0335} = {57E8DD80-1CCE-41FD-B8A1-3B492BB1EC57}
		{E461C0A8-8900-485C-B520-E929BA33F712} = {57E8DD80-1CCE-41FD-B8A1-3B492BB1EC57}
		{B9A10ED9-8526-4D35-8612-BD48413CBD87} = {28E73F67-8EED-4030-9CBF-0A617F359929}
		{740D90D2-BC9B-48F9-8182-AA6D33A5547D} = {28E73F67-8EED-4030-9CBF-0A617F359929}
		{D6866D3E-DBD4-4655-94F5-E1A0A6F1BB3A} = {28E73F67-8EED-4030-9CBF-0A617F359929}
		{7D531700-8A5E-4BDF-A1EA-495E8E6DBE1B} = {F85BF717-0AC3-49D1-ABD0-CA65A6EFBA53}
		{13F76B55-DB6B-4769-A4E3-B7E67C5BF71B} = {A2C4F6F1-7C92-4D4C-8193-504E245DEDB9}
		{A2C4F6F1-7C92-4D4C-8193-504E245DEDB9} = {F85BF717-0AC3-49D1-ABD0-CA65A6EFBA53}
		{DD0758FC-4EA5-4A7C-9B17-53A3F48D65FF} = {A2C4F6F1-7C92-4D4C-8193-504E245DEDB9}
		{B17B9099-F354-43EB-A195-78B6DFE59D42} = {0D14F565-9907-4823-9C55-8B2AD796566C}
		{64FC2B2A-E1D1-49DA-95FF-FAF6907DB88A} = {0D14F565-9907-4823-9C55-8B2AD796566C}
		{8CA9F677-9F82-4A36-AA52-A6CB0BDC8EBC} = {3D52994B-5C36-4B58-AB42-2C64E5D4B6FC}
		{1405043B-672D-4A26-B834-2DCDFE5D502B} = {3D52994B-5C36-4B58-AB42-2C64E5D4B6FC}
		{03A6CE96-8CC2-4BD0-9728-B49624CE0FD3} = {1405043B-672D-4A26-B834-2DCDFE5D502B}
		{2F630A6A-A990-4678-8CDD-10069AB68DAD} = {1405043B-672D-4A26-B834-2DCDFE5D502B}
		{B42C075C-1A14-4412-8731-106FE9869057} = {A4143FDF-7350-4115-A392-69EF7E220DCC}
		{263429E1-835A-4339-A826-0C13E21DDE7E} = {298E27AF-DB78-4272-A93E-1BCB42FF35A8}
		{78355E2F-514D-485E-A20D-59919370F917} = {298E27AF-DB78-4272-A93E-1BCB42FF35A8}
		{5C3B3300-DEEC-4C1F-AC4E-D29773CB5502} = {298E27AF-DB78-4272-A93E-1BCB42FF35A8}
		{9FFD7FCE-90D4-4A90-ACB5-C024CA51D174} = {298E27AF-DB78-4272-A93E-1BCB42FF35A8}
		{DC163951-9D99-4746-B70F-E311FB3029C5} = {F14BB8B3-003B-4D93-B8B8-D809B50141EF}
		{B71EE245-CA31-4238-A788-4CE4D3DDEBE5} = {F14BB8B3-003B-4D93-B8B8-D809B50141EF}
		{742AFF55-6E60-4AF7-8533-09878C1F7E37} = {298E27AF-DB78-4272-A93E-1BCB42FF35A8}
		{0F87D1C2-3785-444A-916C-9C36FA0CD39E} = {298E27AF-DB78-4272-A93E-1BCB42FF35A8}
		{785BEAC1-2706-43E6-8318-6EB37F5FE441} = {5A3E7A6B-CFF3-4D5E-91C0-B7F2466B1198}
		{D9D70100-7CF3-4E97-B3F6-B47628A9CF43} = {5A3E7A6B-CFF3-4D5E-91C0-B7F2466B1198}
		{89E9A0A3-7EB7-4E0A-B68C-B1CCBC0BA7FE} = {5A3E7A6B-CFF3-4D5E-91C0-B7F2466B1198}
		{5D87AEE4-85E1-4847-BC6B-BE74A71CF088} = {5A3E7A6B-CFF3-4D5E-91C0-B7F2466B1198}
		{34CE1B37-C427-4D7F-8C02-3F119CE9CD90} = {537FBA9A-431E-45B5-BD27-B2B6FC97786A}
		{B76E4C7E-D083-4443-83C7-B1B0072E9878} = {03E8D27B-C9F3-48BE-A7FE-02E602CA707F}
		{292E8759-0462-4112-B9A8-8BD399DA1187} = {B511D5CF-AC2B-414D-9AF7-D59F22C869C1}
		{D4B25A6B-9150-464D-BA2A-10EA596F2A5F} = {1584B3F2-3370-426E-9D46-B1987038796A}
		{2C49B428-8727-484B-A527-11EA3D4AE269} = {537FBA9A-431E-45B5-BD27-B2B6FC97786A}
		{A22E730C-2A06-4524-BF30-7F490D5EDD9D} = {4B056FBA-8146-4A16-94A3-3D21D53C290D}
	EndGlobalSection
	GlobalSection(ExtensibilityGlobals) = postSolution
		SolutionGuid = {29661B6C-20CF-423E-BCD6-7CF97CCF91F3}
	EndGlobalSection
EndGlobal
